{
  "name": "graphql-server",
  "version": "1.0.0",
  "lockfileVersion": 1,
  "requires": true,
  "dependencies": {
    "@types/node": {
      "version": "17.0.16",
      "resolved": "https://npm.weizhipin.com/@types%2fnode/-/node-17.0.16.tgz",
      "integrity": "sha512-ydLaGVfQOQ6hI1xK2A5nVh8bl0OGoIfYMxPWHqqYe9bTkWCfqiVvZoh2I/QF2sNSkZzZyROBoTefIEI+PB6iIA=="
    },
    "@types/zen-observable": {
      "version": "0.8.3",
      "resolved": "https://npm.weizhipin.com/@types%2fzen-observable/-/zen-observable-0.8.3.tgz",
      "integrity": "sha1-eB02DCgkNklLMv59n3+OZLMRiqM="
    },
    "@wry/context": {
      "version": "0.4.4",
      "resolved": "https://npm.weizhipin.com/@wry%2fcontext/-/context-0.4.4.tgz",
      "integrity": "sha1-5Q9fodbPqr8pd9H9pa6RcX+IFfg=",
      "requires": {
        "@types/node": ">=6",
        "tslib": "^1.9.3"
      }
    },
    "@wry/equality": {
      "version": "0.1.11",
      "resolved": "https://npm.weizhipin.com/@wry%2fequality/-/equality-0.1.11.tgz",
      "integrity": "sha1-NcsVbkqWaVqoGp7MTQN4e8F/F5A=",
      "requires": {
        "tslib": "^1.9.3"
      }
    },
    "accepts": {
      "version": "1.3.8",
      "resolved": "https://npm.weizhipin.com/accepts/-/accepts-1.3.8.tgz",
      "integrity": "sha512-PYAthTa2m2VKxuvSD3DPC/Gy+U+sOA1LAuT8mkmRuvw+NACSaeXEQ+NHcVF7rONl6qcaxV3Uuemwawk+7+SJLw==",
      "requires": {
        "mime-types": "~2.1.34",
        "negotiator": "0.6.3"
      }
    },
    "ansi-styles": {
      "version": "3.2.1",
      "resolved": "https://npm.weizhipin.com/ansi-styles/-/ansi-styles-3.2.1.tgz",
      "integrity": "sha1-QfuyAkPlCxK+DwS43tvwdSDOhB0=",
      "requires": {
        "color-convert": "^1.9.0"
      }
    },
    "apollo-boost": {
      "version": "0.4.9",
      "resolved": "https://npm.weizhipin.com/apollo-boost/-/apollo-boost-0.4.9.tgz",
      "integrity": "sha512-05y5BKcDaa8w47f8d81UVwKqrAjn8uKLv6QM9fNdldoNzQ+rnOHgFlnrySUZRz9QIT3vPftQkEz2UEASp1Mi5g==",
      "requires": {
        "apollo-cache": "^1.3.5",
        "apollo-cache-inmemory": "^1.6.6",
        "apollo-client": "^2.6.10",
        "apollo-link": "^1.0.6",
        "apollo-link-error": "^1.0.3",
        "apollo-link-http": "^1.3.1",
        "graphql-tag": "^2.4.2",
        "ts-invariant": "^0.4.0",
        "tslib": "^1.10.0"
      }
    },
    "apollo-cache": {
      "version": "1.3.5",
      "resolved": "https://npm.weizhipin.com/apollo-cache/-/apollo-cache-1.3.5.tgz",
      "integrity": "sha1-nb6/yNvo/n+XulaKIkvKLF2B9GE=",
      "requires": {
        "apollo-utilities": "^1.3.4",
        "tslib": "^1.10.0"
      }
    },
    "apollo-cache-inmemory": {
      "version": "1.6.6",
      "resolved": "https://npm.weizhipin.com/apollo-cache-inmemory/-/apollo-cache-inmemory-1.6.6.tgz",
      "integrity": "sha1-VtHypGOmudsy6fqZCvFtKgCCBv0=",
      "requires": {
        "apollo-cache": "^1.3.5",
        "apollo-utilities": "^1.3.4",
        "optimism": "^0.10.0",
        "ts-invariant": "^0.4.0",
        "tslib": "^1.10.0"
      }
    },
    "apollo-client": {
      "version": "2.6.10",
      "resolved": "https://npm.weizhipin.com/apollo-client/-/apollo-client-2.6.10.tgz",
      "integrity": "sha1-hmNwR7UdlAyOqncaTOGwLfFr6mo=",
      "requires": {
        "@types/zen-observable": "^0.8.0",
        "apollo-cache": "1.3.5",
        "apollo-link": "^1.0.0",
        "apollo-utilities": "1.3.4",
        "symbol-observable": "^1.0.2",
        "ts-invariant": "^0.4.0",
        "tslib": "^1.10.0",
        "zen-observable": "^0.8.0"
      }
    },
    "apollo-link": {
      "version": "1.2.14",
      "resolved": "https://npm.weizhipin.com/apollo-link/-/apollo-link-1.2.14.tgz",
      "integrity": "sha1-P+2ktH+eu6f0Fgvvi5d7pyW2hNk=",
      "requires": {
        "apollo-utilities": "^1.3.0",
        "ts-invariant": "^0.4.0",
        "tslib": "^1.9.3",
        "zen-observable-ts": "^0.8.21"
      }
    },
    "apollo-link-error": {
      "version": "1.1.13",
      "resolved": "https://npm.weizhipin.com/apollo-link-error/-/apollo-link-error-1.1.13.tgz",
      "integrity": "sha1-waG7h2/+OAgCyN8FBqMsM6rShM0=",
      "requires": {
        "apollo-link": "^1.2.14",
        "apollo-link-http-common": "^0.2.16",
        "tslib": "^1.9.3"
      }
    },
    "apollo-link-http": {
      "version": "1.5.17",
      "resolved": "https://npm.weizhipin.com/apollo-link-http/-/apollo-link-http-1.5.17.tgz",
      "integrity": "sha1-SZ6fFxG/aUSX8CxRrxLYLeXY2Lo=",
      "requires": {
        "apollo-link": "^1.2.14",
        "apollo-link-http-common": "^0.2.16",
        "tslib": "^1.9.3"
      }
    },
    "apollo-link-http-common": {
      "version": "0.2.16",
      "resolved": "https://npm.weizhipin.com/apollo-link-http-common/-/apollo-link-http-common-0.2.16.tgz",
      "integrity": "sha1-dWdJ2vxzJ5LIygkj+aQFZLfFnsw=",
      "requires": {
        "apollo-link": "^1.2.14",
        "ts-invariant": "^0.4.0",
        "tslib": "^1.9.3"
      }
    },
    "apollo-utilities": {
      "version": "1.3.4",
      "resolved": "https://npm.weizhipin.com/apollo-utilities/-/apollo-utilities-1.3.4.tgz",
      "integrity": "sha1-YSnkOOi+IBtsVbDxPOSdLHF1yc8=",
      "requires": {
        "@wry/equality": "^0.1.2",
        "fast-json-stable-stringify": "^2.0.0",
        "ts-invariant": "^0.4.0",
        "tslib": "^1.10.0"
      }
    },
    "array-flatten": {
      "version": "1.1.1",
      "resolved": "https://npm.weizhipin.com/array-flatten/-/array-flatten-1.1.1.tgz",
      "integrity": "sha1-ml9pkFGx5wczKPKgCJaLZOopVdI="
    },
    "axios": {
      "version": "0.25.0",
      "resolved": "https://npm.weizhipin.com/axios/-/axios-0.25.0.tgz",
      "integrity": "sha512-cD8FOb0tRH3uuEe6+evtAbgJtfxr7ly3fQjYcMcuPlgkwVS9xboaVIpcDV+cYQe+yGykgwZCs1pzjntcGa6l5g==",
      "requires": {
        "follow-redirects": "^1.14.7"
      }
    },
    "body-parser": {
      "version": "1.19.1",
      "resolved": "https://npm.weizhipin.com/body-parser/-/body-parser-1.19.1.tgz",
      "integrity": "sha512-8ljfQi5eBk8EJfECMrgqNGWPEY5jWP+1IzkzkGdFFEwFQZZyaZ21UqdaHktgiMlH0xLHqIFtE/u2OYE5dOtViA==",
      "requires": {
        "bytes": "3.1.1",
        "content-type": "~1.0.4",
        "debug": "2.6.9",
        "depd": "~1.1.2",
        "http-errors": "1.8.1",
        "iconv-lite": "0.4.24",
        "on-finished": "~2.3.0",
        "qs": "6.9.6",
        "raw-body": "2.4.2",
        "type-is": "~1.6.18"
      }
    },
    "bytes": {
      "version": "3.1.1",
      "resolved": "https://npm.weizhipin.com/bytes/-/bytes-3.1.1.tgz",
      "integrity": "sha1-PwGCkctMutmsy25pcLypyIieh5o="
    },
    "chalk": {
      "version": "2.4.2",
      "resolved": "https://npm.weizhipin.com/chalk/-/chalk-2.4.2.tgz",
      "integrity": "sha1-zUJUFnelQzPPVBpJEIwUMrRMlCQ=",
      "requires": {
        "ansi-styles": "^3.2.1",
        "escape-string-regexp": "^1.0.5",
        "supports-color": "^5.3.0"
      }
    },
    "color-convert": {
      "version": "1.9.3",
      "resolved": "https://npm.weizhipin.com/color-convert/-/color-convert-1.9.3.tgz",
      "integrity": "sha1-u3GFBpDh8TZWfeYp0tVHHe2kweg=",
      "requires": {
        "color-name": "1.1.3"
      }
    },
    "color-name": {
      "version": "1.1.3",
      "resolved": "https://npm.weizhipin.com/color-name/-/color-name-1.1.3.tgz",
      "integrity": "sha1-p9BVi9icQveV3UIyj3QIMcpTvCU="
    },
    "content-disposition": {
      "version": "0.5.4",
      "resolved": "https://npm.weizhipin.com/content-disposition/-/content-disposition-0.5.4.tgz",
      "integrity": "sha512-FveZTNuGw04cxlAiWbzi6zTAL/lhehaWbTtgluJh4/E95DqMwTmha3KZN1aAWA8cFIhHzMZUvLevkw5Rqk+tSQ==",
      "requires": {
        "safe-buffer": "5.2.1"
      }
    },
    "content-type": {
      "version": "1.0.4",
      "resolved": "https://npm.weizhipin.com/content-type/-/content-type-1.0.4.tgz",
      "integrity": "sha1-4TjMdeBAxyexlm/l5fjJruJW/js="
    },
    "cookie": {
      "version": "0.4.1",
      "resolved": "https://npm.weizhipin.com/cookie/-/cookie-0.4.1.tgz",
      "integrity": "sha1-r9cT/ibr0hupXOth+agRblClN9E="
    },
    "cookie-signature": {
      "version": "1.0.6",
      "resolved": "https://npm.weizhipin.com/cookie-signature/-/cookie-signature-1.0.6.tgz",
      "integrity": "sha1-4wOogrNCzD7oylE6eZmXNNqzriw="
    },
    "cors": {
      "version": "2.8.5",
      "resolved": "https://npm.weizhipin.com/cors/-/cors-2.8.5.tgz",
      "integrity": "sha1-6sEdpRWS3Ya58G9uesKTs9+HXSk=",
      "requires": {
        "object-assign": "^4",
        "vary": "^1"
      }
    },
    "debug": {
      "version": "2.6.9",
      "resolved": "https://npm.weizhipin.com/debug/-/debug-2.6.9.tgz",
      "integrity": "sha1-XRKFFd8TT/Mn6QpMk/Tgd6U2NB8=",
      "requires": {
        "ms": "2.0.0"
      }
    },
    "depd": {
      "version": "1.1.2",
      "resolved": "https://npm.weizhipin.com/depd/-/depd-1.1.2.tgz",
      "integrity": "sha1-m81S4UwJd2PnSbJ0xDRu0uVgtak="
    },
    "destroy": {
      "version": "1.0.4",
      "resolved": "https://npm.weizhipin.com/destroy/-/destroy-1.0.4.tgz",
      "integrity": "sha1-l4hXRCxEdJ5CBmE+N5RiBYJqvYA="
    },
    "ee-first": {
      "version": "1.1.1",
      "resolved": "https://npm.weizhipin.com/ee-first/-/ee-first-1.1.1.tgz",
      "integrity": "sha1-WQxhFWsK4vTwJVcyoViyZrxWsh0="
    },
    "encodeurl": {
      "version": "1.0.2",
      "resolved": "https://npm.weizhipin.com/encodeurl/-/encodeurl-1.0.2.tgz",
      "integrity": "sha1-rT/0yG7C0CkyL1oCw6mmBslbP1k="
    },
    "escape-html": {
      "version": "1.0.3",
      "resolved": "https://npm.weizhipin.com/escape-html/-/escape-html-1.0.3.tgz",
      "integrity": "sha1-Aljq5NPQwJdN4cFpGI7wBR0dGYg="
    },
    "escape-string-regexp": {
      "version": "1.0.5",
      "resolved": "https://npm.weizhipin.com/escape-string-regexp/-/escape-string-regexp-1.0.5.tgz",
      "integrity": "sha1-G2HAViGQqN/2rjuyzwIAyhMLhtQ="
    },
    "etag": {
      "version": "1.8.1",
      "resolved": "https://npm.weizhipin.com/etag/-/etag-1.8.1.tgz",
      "integrity": "sha1-Qa4u62XvpiJorr/qg6x9eSmbCIc="
    },
    "express": {
      "version": "4.17.2",
      "resolved": "https://npm.weizhipin.com/express/-/express-4.17.2.tgz",
      "integrity": "sha512-oxlxJxcQlYwqPWKVJJtvQiwHgosH/LrLSPA+H4UxpyvSS6jC5aH+5MoHFM+KABgTOt0APue4w66Ha8jCUo9QGg==",
      "requires": {
        "accepts": "~1.3.7",
        "array-flatten": "1.1.1",
        "body-parser": "1.19.1",
        "content-disposition": "0.5.4",
        "content-type": "~1.0.4",
        "cookie": "0.4.1",
        "cookie-signature": "1.0.6",
        "debug": "2.6.9",
        "depd": "~1.1.2",
        "encodeurl": "~1.0.2",
        "escape-html": "~1.0.3",
        "etag": "~1.8.1",
        "finalhandler": "~1.1.2",
        "fresh": "0.5.2",
        "merge-descriptors": "1.0.1",
        "methods": "~1.1.2",
        "on-finished": "~2.3.0",
        "parseurl": "~1.3.3",
        "path-to-regexp": "0.1.7",
        "proxy-addr": "~2.0.7",
        "qs": "6.9.6",
        "range-parser": "~1.2.1",
        "safe-buffer": "5.2.1",
        "send": "0.17.2",
        "serve-static": "1.14.2",
        "setprototypeof": "1.2.0",
        "statuses": "~1.5.0",
        "type-is": "~1.6.18",
        "utils-merge": "1.0.1",
        "vary": "~1.1.2"
      }
    },
    "express-graphql": {
      "version": "0.12.0",
      "resolved": "https://npm.weizhipin.com/express-graphql/-/express-graphql-0.12.0.tgz",
      "integrity": "sha1-WN6rwwmQnKLJ/i+D9fvpRCmqI98=",
      "requires": {
        "accepts": "^1.3.7",
        "content-type": "^1.0.4",
        "http-errors": "1.8.0",
        "raw-body": "^2.4.1"
      },
      "dependencies": {
        "http-errors": {
          "version": "1.8.0",
          "resolved": "https://npm.weizhipin.com/http-errors/-/http-errors-1.8.0.tgz",
          "integrity": "sha1-ddG75JfhBE9R5O6ecEpi8o0zZQc=",
          "requires": {
            "depd": "~1.1.2",
            "inherits": "2.0.4",
            "setprototypeof": "1.2.0",
            "statuses": ">= 1.5.0 < 2",
            "toidentifier": "1.0.0"
          }
        },
        "toidentifier": {
          "version": "1.0.0",
          "resolved": "https://npm.weizhipin.com/toidentifier/-/toidentifier-1.0.0.tgz",
          "integrity": "sha1-fhvjRw8ed5SLxD2Uo8j013UrpVM="
        }
      }
    },
    "fast-json-stable-stringify": {
      "version": "2.1.0",
      "resolved": "https://npm.weizhipin.com/fast-json-stable-stringify/-/fast-json-stable-stringify-2.1.0.tgz",
      "integrity": "sha1-h0v2nG9ATCtdmcSBNBOZ/VWJJjM="
    },
    "finalhandler": {
      "version": "1.1.2",
      "resolved": "https://npm.weizhipin.com/finalhandler/-/finalhandler-1.1.2.tgz",
      "integrity": "sha1-t+fQAP/RGTjQ/bBTUG9uur6fWH0=",
      "requires": {
        "debug": "2.6.9",
        "encodeurl": "~1.0.2",
        "escape-html": "~1.0.3",
        "on-finished": "~2.3.0",
        "parseurl": "~1.3.3",
        "statuses": "~1.5.0",
        "unpipe": "~1.0.0"
      }
    },
    "follow-redirects": {
      "version": "1.14.7",
      "resolved": "https://npm.weizhipin.com/follow-redirects/-/follow-redirects-1.14.7.tgz",
      "integrity": "sha512-+hbxoLbFMbRKDwohX8GkTataGqO6Jb7jGwpAlwgy2bIz25XtRm7KEzJM76R1WiNT5SwZkX4Y75SwBolkpmE7iQ=="
    },
    "forwarded": {
      "version": "0.2.0",
      "resolved": "https://npm.weizhipin.com/forwarded/-/forwarded-0.2.0.tgz",
      "integrity": "sha1-ImmTZCiq1MFcfr6XeahL8LKoGBE="
    },
    "fresh": {
      "version": "0.5.2",
      "resolved": "https://npm.weizhipin.com/fresh/-/fresh-0.5.2.tgz",
      "integrity": "sha1-PYyt2Q2XZWn6g1qx+OSyOhBWBac="
    },
    "graphql": {
      "version": "16.3.0",
      "resolved": "https://npm.weizhipin.com/graphql/-/graphql-16.3.0.tgz",
      "integrity": "sha512-xm+ANmA16BzCT5pLjuXySbQVFwH3oJctUVdy81w1sV0vBU0KgDdBGtxQOUd5zqOBk/JayAFeG8Dlmeq74rjm/A=="
    },
    "graphql-tag": {
      "version": "2.12.6",
      "resolved": "https://npm.weizhipin.com/graphql-tag/-/graphql-tag-2.12.6.tgz",
      "integrity": "sha1-1EGlacHSU37xDKPRYztIclMptfE=",
      "requires": {
        "tslib": "^2.1.0"
      },
      "dependencies": {
        "tslib": {
          "version": "2.3.1",
          "resolved": "https://npm.weizhipin.com/tslib/-/tslib-2.3.1.tgz",
          "integrity": "sha1-6KM1rdXOrlGqJh0ypJAVjvBC7wE="
        }
      }
    },
    "has-flag": {
      "version": "3.0.0",
      "resolved": "https://npm.weizhipin.com/has-flag/-/has-flag-3.0.0.tgz",
      "integrity": "sha1-tdRU3CGZriJWmfNGfloH87lVuv0="
    },
    "http-errors": {
      "version": "1.8.1",
      "resolved": "https://npm.weizhipin.com/http-errors/-/http-errors-1.8.1.tgz",
      "integrity": "sha1-fD8oV3y8iiBziEVdvWIpXtB71ow=",
      "requires": {
        "depd": "~1.1.2",
        "inherits": "2.0.4",
        "setprototypeof": "1.2.0",
        "statuses": ">= 1.5.0 < 2",
        "toidentifier": "1.0.1"
      }
    },
    "iconv-lite": {
      "version": "0.4.24",
      "resolved": "https://npm.weizhipin.com/iconv-lite/-/iconv-lite-0.4.24.tgz",
      "integrity": "sha1-ICK0sl+93CHS9SSXSkdKr+czkIs=",
      "requires": {
        "safer-buffer": ">= 2.1.2 < 3"
      }
    },
    "inherits": {
      "version": "2.0.4",
      "resolved": "https://npm.weizhipin.com/inherits/-/inherits-2.0.4.tgz",
      "integrity": "sha1-D6LGT5MpF8NDOg3tVTY6rjdBa3w="
    },
    "ipaddr.js": {
      "version": "1.9.1",
      "resolved": "https://npm.weizhipin.com/ipaddr.js/-/ipaddr.js-1.9.1.tgz",
      "integrity": "sha1-v/OFQ+64mEglB5/zoqjmy9RngbM="
    },
    "media-typer": {
      "version": "0.3.0",
      "resolved": "https://npm.weizhipin.com/media-typer/-/media-typer-0.3.0.tgz",
      "integrity": "sha1-hxDXrwqmJvj/+hzgAWhUUmMlV0g="
    },
    "merge-descriptors": {
      "version": "1.0.1",
      "resolved": "https://npm.weizhipin.com/merge-descriptors/-/merge-descriptors-1.0.1.tgz",
      "integrity": "sha1-sAqqVW3YtEVoFQ7J0blT8/kMu2E="
    },
    "methods": {
      "version": "1.1.2",
      "resolved": "https://npm.weizhipin.com/methods/-/methods-1.1.2.tgz",
      "integrity": "sha1-VSmk1nZUE07cxSZmVoNbD4Ua/O4="
    },
    "mime": {
      "version": "1.6.0",
      "resolved": "https://npm.weizhipin.com/mime/-/mime-1.6.0.tgz",
      "integrity": "sha1-Ms2eXGRVO9WNGaVor0Uqz/BJgbE="
    },
    "mime-db": {
      "version": "1.51.0",
      "resolved": "https://npm.weizhipin.com/mime-db/-/mime-db-1.51.0.tgz",
      "integrity": "sha1-2f9iRRhZsYNC2WCFDcPPt35j+ww="
    },
    "mime-types": {
      "version": "2.1.34",
      "resolved": "https://npm.weizhipin.com/mime-types/-/mime-types-2.1.34.tgz",
      "integrity": "sha1-WnEvnsFQNRGpRYA2QPr+CdN5PCQ=",
      "requires": {
        "mime-db": "1.51.0"
      }
    },
    "ms": {
      "version": "2.0.0",
      "resolved": "https://npm.weizhipin.com/ms/-/ms-2.0.0.tgz",
      "integrity": "sha1-VgiurfwAvmwpAd9fmGF4jeDVl8g="
    },
    "negotiator": {
      "version": "0.6.3",
      "resolved": "https://npm.weizhipin.com/negotiator/-/negotiator-0.6.3.tgz",
      "integrity": "sha512-+EUsqGPLsM+j/zdChZjsnX51g4XrHFOIXwfnCVPGlQk/k5giakcKsuxCObBRu6DSm9opw/O6slWbJdghQM4bBg=="
    },
    "object-assign": {
      "version": "4.1.1",
      "resolved": "https://npm.weizhipin.com/object-assign/-/object-assign-4.1.1.tgz",
      "integrity": "sha1-IQmtx5ZYh8/AXLvUQsrIv7s2CGM="
    },
    "on-finished": {
      "version": "2.3.0",
      "resolved": "https://npm.weizhipin.com/on-finished/-/on-finished-2.3.0.tgz",
      "integrity": "sha1-IPEzZIGwg811M3mSoWlxqi2QaUc=",
      "requires": {
        "ee-first": "1.1.1"
      }
    },
    "optimism": {
      "version": "0.10.3",
      "resolved": "https://npm.weizhipin.com/optimism/-/optimism-0.10.3.tgz",
      "integrity": "sha1-FjJo/cdB3qL7UPMAvt2oA1ZEX9c=",
      "requires": {
        "@wry/context": "^0.4.0"
      }
    },
    "parseurl": {
      "version": "1.3.3",
      "resolved": "https://npm.weizhipin.com/parseurl/-/parseurl-1.3.3.tgz",
      "integrity": "sha1-naGee+6NEt/wUT7Vt2lXeTvC6NQ="
    },
    "path-to-regexp": {
      "version": "0.1.7",
      "resolved": "https://npm.weizhipin.com/path-to-regexp/-/path-to-regexp-0.1.7.tgz",
      "integrity": "sha1-32BBeABfUi8V60SQ5yR6G/qmf4w="
    },
    "proxy-addr": {
      "version": "2.0.7",
      "resolved": "https://npm.weizhipin.com/proxy-addr/-/proxy-addr-2.0.7.tgz",
      "integrity": "sha1-8Z/mnOqzEe65S0LnDowgcPm6ECU=",
      "requires": {
        "forwarded": "0.2.0",
        "ipaddr.js": "1.9.1"
      }
    },
    "qs": {
      "version": "6.9.6",
      "resolved": "https://npm.weizhipin.com/qs/-/qs-6.9.6.tgz",
      "integrity": "sha1-Ju08gkOkMbKSSsqEzJBHHzXVoO4="
    },
    "randombytes": {
      "version": "2.1.0",
      "resolved": "https://npm.weizhipin.com/randombytes/-/randombytes-2.1.0.tgz",
      "integrity": "sha1-32+ENy8CcNxlzfYpE0mrekc9Tyo=",
      "requires": {
        "safe-buffer": "^5.1.0"
      }
    },
    "range-parser": {
      "version": "1.2.1",
      "resolved": "https://npm.weizhipin.com/range-parser/-/range-parser-1.2.1.tgz",
      "integrity": "sha1-PPNwI9GZ4cJNGlW4SADC8+ZGgDE="
    },
    "raw-body": {
      "version": "2.4.2",
      "resolved": "https://npm.weizhipin.com/raw-body/-/raw-body-2.4.2.tgz",
      "integrity": "sha1-uvPpwh7rztWd1lM6yHK3H3thyzI=",
      "requires": {
        "bytes": "3.1.1",
        "http-errors": "1.8.1",
        "iconv-lite": "0.4.24",
        "unpipe": "1.0.0"
      }
    },
    "safe-buffer": {
      "version": "5.2.1",
      "resolved": "https://npm.weizhipin.com/safe-buffer/-/safe-buffer-5.2.1.tgz",
      "integrity": "sha1-Hq+fqb2x/dTsdfWPnNtOa3gn7sY="
    },
    "safer-buffer": {
      "version": "2.1.2",
      "resolved": "https://npm.weizhipin.com/safer-buffer/-/safer-buffer-2.1.2.tgz",
      "integrity": "sha1-RPoWGwGHuVSd2Eu5GAL5vYOFzWo="
    },
    "send": {
      "version": "0.17.2",
      "resolved": "https://npm.weizhipin.com/send/-/send-0.17.2.tgz",
      "integrity": "sha512-UJYB6wFSJE3G00nEivR5rgWp8c2xXvJ3OPWPhmuteU0IKj8nKbG3DrjiOmLwpnHGYWAVwA69zmTm++YG0Hmwww==",
      "requires": {
        "debug": "2.6.9",
        "depd": "~1.1.2",
        "destroy": "~1.0.4",
        "encodeurl": "~1.0.2",
        "escape-html": "~1.0.3",
        "etag": "~1.8.1",
        "fresh": "0.5.2",
        "http-errors": "1.8.1",
        "mime": "1.6.0",
        "ms": "2.1.3",
        "on-finished": "~2.3.0",
        "range-parser": "~1.2.1",
        "statuses": "~1.5.0"
      },
      "dependencies": {
        "ms": {
          "version": "2.1.3",
          "resolved": "https://npm.weizhipin.com/ms/-/ms-2.1.3.tgz",
          "integrity": "sha1-V0yBOM4dK1hh8LRFedut1gxmFbI="
        }
      }
    },
    "serialize-javascript": {
      "version": "4.0.0",
      "resolved": "https://npm.weizhipin.com/serialize-javascript/-/serialize-javascript-4.0.0.tgz",
      "integrity": "sha1-tSXhI4SJpez8Qq+sw/6Z5mb0sao=",
      "requires": {
        "randombytes": "^2.1.0"
      }
    },
    "serve-static": {
      "version": "1.14.2",
      "resolved": "https://npm.weizhipin.com/serve-static/-/serve-static-1.14.2.tgz",
      "integrity": "sha512-+TMNA9AFxUEGuC0z2mevogSnn9MXKb4fa7ngeRMJaaGv8vTwnIEkKi+QGvPt33HSnf8pRS+WGM0EbMtCJLKMBQ==",
      "requires": {
        "encodeurl": "~1.0.2",
        "escape-html": "~1.0.3",
        "parseurl": "~1.3.3",
        "send": "0.17.2"
      }
    },
    "setprototypeof": {
      "version": "1.2.0",
      "resolved": "https://npm.weizhipin.com/setprototypeof/-/setprototypeof-1.2.0.tgz",
      "integrity": "sha1-ZsmiSnP5/CjL5msJ/tPTPcrxtCQ="
    },
    "statuses": {
      "version": "1.5.0",
      "resolved": "https://npm.weizhipin.com/statuses/-/statuses-1.5.0.tgz",
      "integrity": "sha1-Fhx9rBd2Wf2YEfQ3cfqZOBR4Yow="
    },
    "supports-color": {
      "version": "5.5.0",
      "resolved": "https://npm.weizhipin.com/supports-color/-/supports-color-5.5.0.tgz",
      "integrity": "sha1-4uaaRKyHcveKHsCzW2id9lMO/I8=",
      "requires": {
        "has-flag": "^3.0.0"
      }
    },
    "symbol-observable": {
      "version": "1.2.0",
      "resolved": "https://npm.weizhipin.com/symbol-observable/-/symbol-observable-1.2.0.tgz",
      "integrity": "sha1-wiaIrtTqs83C3+rLtWFmBWCgCAQ="
    },
    "throttle-debounce": {
      "version": "2.3.0",
      "resolved": "https://npm.weizhipin.com/throttle-debounce/-/throttle-debounce-2.3.0.tgz",
      "integrity": "sha1-/TGGXmZQIHHkEYF+JBRls+nDcuI="
    },
    "toidentifier": {
      "version": "1.0.1",
      "resolved": "https://npm.weizhipin.com/toidentifier/-/toidentifier-1.0.1.tgz",
      "integrity": "sha1-O+NDIaiKgg7RvYDfqjPkefu43TU="
    },
    "ts-invariant": {
      "version": "0.4.4",
      "resolved": "https://npm.weizhipin.com/ts-invariant/-/ts-invariant-0.4.4.tgz",
      "integrity": "sha1-l6UjUYaI+TqvrQGw6A64A+sqvYY=",
      "requires": {
        "tslib": "^1.9.3"
      }
    },
    "tslib": {
      "version": "1.14.1",
      "resolved": "https://npm.weizhipin.com/tslib/-/tslib-1.14.1.tgz",
      "integrity": "sha1-zy04vcNKE0vK8QkcQfZhni9nLQA="
    },
    "type-is": {
      "version": "1.6.18",
      "resolved": "https://npm.weizhipin.com/type-is/-/type-is-1.6.18.tgz",
      "integrity": "sha1-TlUs0F3wlGfcvE73Od6J8s83wTE=",
      "requires": {
        "media-typer": "0.3.0",
        "mime-types": "~2.1.24"
      }
    },
    "unpipe": {
      "version": "1.0.0",
      "resolved": "https://npm.weizhipin.com/unpipe/-/unpipe-1.0.0.tgz",
      "integrity": "sha1-sr9O6FFKrmFltIF4KdIbLvSZBOw="
    },
    "utils-merge": {
      "version": "1.0.1",
      "resolved": "https://npm.weizhipin.com/utils-merge/-/utils-merge-1.0.1.tgz",
      "integrity": "sha1-n5VxD1CiZ5R7LMwSR0HBAoQn5xM="
    },
    "vary": {
      "version": "1.1.2",
      "resolved": "https://npm.weizhipin.com/vary/-/vary-1.1.2.tgz",
      "integrity": "sha1-IpnwLG3tMNSllhsLn3RSShj2NPw="
    },
    "vue-apollo": {
      "version": "3.1.0",
      "resolved": "https://npm.weizhipin.com/vue-apollo/-/vue-apollo-3.1.0.tgz",
      "integrity": "sha512-TkXMpgypbqM/27vKIpWNhL347QRtcu9kWkEmxplPGGMnZb+hSbbIwU07LjQVzFwrLBer0ha9zJP4hIW/fCQDuw==",
      "requires": {
        "chalk": "^2.4.2",
        "serialize-javascript": "^4.0.0",
        "throttle-debounce": "^2.1.0"
      }
    },
    "zen-observable": {
      "version": "0.8.15",
      "resolved": "https://npm.weizhipin.com/zen-observable/-/zen-observable-0.8.15.tgz",
      "integrity": "sha1-lkFcUS2OP/2SCv04iWBOMLnqrBU="
    },
    "zen-observable-ts": {
      "version": "0.8.21",
      "resolved": "https://npm.weizhipin.com/zen-observable-ts/-/zen-observable-ts-0.8.21.tgz",
      "integrity": "sha1-hdADH7veHro80H07qQ2iQSFfQh0=",
      "requires": {
        "tslib": "^1.9.3",
        "zen-observable": "^0.8.0"
      }
    }
  }
}
